
Microsoft Visual Studio Solution File, Format Version 12.00
# Visual Studio Version 16
VisualStudioVersion = 16.0.30204.135
MinimumVisualStudioVersion = 10.0.40219.1
Project("{FAE04EC0-301F-11D3-BF4B-00C04F79EFBC}") = "Educacion.Negocio", "DeberProgra\Educacion.Negocio.csproj", "{CEE6B4B4-180C-4833-8A11-A0D5896F95FF}"
EndProject
Project("{FAE04EC0-301F-11D3-BF4B-00C04F79EFBC}") = "Educacion.AccesoDatos", "Educacion.AccesoDatos\Educacion.AccesoDatos.csproj", "{9F35A74B-FF05-43EC-BD19-050802170188}"
EndProject
Project("{FAE04EC0-301F-11D3-BF4B-00C04F79EFBC}") = "Educacion.Consola", "Educacion.Consola\Educacion.Consola.csproj", "{78BFD85D-6E73-47D3-B504-E6A048CD0F01}"
EndProject
Project("{FAE04EC0-301F-11D3-BF4B-00C04F79EFBC}") = "Educacion.Inplementacion", "Educacion.Inplementacion\Educacion.Inplementacion.csproj", "{61A457FB-4CF3-4CA0-952C-EA2A807DE07A}"
EndProject
Project("{FAE04EC0-301F-11D3-BF4B-00C04F79EFBC}") = "Educacion.Interface", "Educacion.Interface\Educacion.Interface.csproj", "{47B0DAA1-FB71-4B4D-AF48-305B43363167}"
EndProject
Global
	GlobalSection(SolutionConfigurationPlatforms) = preSolution
		Debug|Any CPU = Debug|Any CPU
		Release|Any CPU = Release|Any CPU
	EndGlobalSection
	GlobalSection(ProjectConfigurationPlatforms) = postSolution
		{CEE6B4B4-180C-4833-8A11-A0D5896F95FF}.Debug|Any CPU.ActiveCfg = Debug|Any CPU
		{CEE6B4B4-180C-4833-8A11-A0D5896F95FF}.Debug|Any CPU.Build.0 = Debug|Any CPU
		{CEE6B4B4-180C-4833-8A11-A0D5896F95FF}.Release|Any CPU.ActiveCfg = Release|Any CPU
		{CEE6B4B4-180C-4833-8A11-A0D5896F95FF}.Release|Any CPU.Build.0 = Release|Any CPU
		{9F35A74B-FF05-43EC-BD19-050802170188}.Debug|Any CPU.ActiveCfg = Debug|Any CPU
		{9F35A74B-FF05-43EC-BD19-050802170188}.Debug|Any CPU.Build.0 = Debug|Any CPU
		{9F35A74B-FF05-43EC-BD19-050802170188}.Release|Any CPU.ActiveCfg = Release|Any CPU
		{9F35A74B-FF05-43EC-BD19-050802170188}.Release|Any CPU.Build.0 = Release|Any CPU
		{78BFD85D-6E73-47D3-B504-E6A048CD0F01}.Debug|Any CPU.ActiveCfg = Debug|Any CPU
		{78BFD85D-6E73-47D3-B504-E6A048CD0F01}.Debug|Any CPU.Build.0 = Debug|Any CPU
		{78BFD85D-6E73-47D3-B504-E6A048CD0F01}.Release|Any CPU.ActiveCfg = Release|Any CPU
		{78BFD85D-6E73-47D3-B504-E6A048CD0F01}.Release|Any CPU.Build.0 = Release|Any CPU
		{61A457FB-4CF3-4CA0-952C-EA2A807DE07A}.Debug|Any CPU.ActiveCfg = Debug|Any CPU
		{61A457FB-4CF3-4CA0-952C-EA2A807DE07A}.Debug|Any CPU.Build.0 = Debug|Any CPU
		{61A457FB-4CF3-4CA0-952C-EA2A807DE07A}.Release|Any CPU.ActiveCfg = Release|Any CPU
		{61A457FB-4CF3-4CA0-952C-EA2A807DE07A}.Release|Any CPU.Build.0 = Release|Any CPU
		{47B0DAA1-FB71-4B4D-AF48-305B43363167}.Debug|Any CPU.ActiveCfg = Debug|Any CPU
		{47B0DAA1-FB71-4B4D-AF48-305B43363167}.Debug|Any CPU.Build.0 = Debug|Any CPU
		{47B0DAA1-FB71-4B4D-AF48-305B43363167}.Release|Any CPU.ActiveCfg = Release|Any CPU
		{47B0DAA1-FB71-4B4D-AF48-305B43363167}.Release|Any CPU.Build.0 = Release|Any CPU
	EndGlobalSection
	GlobalSection(SolutionProperties) = preSolution
		HideSolutionNode = FALSE
	EndGlobalSection
	GlobalSection(ExtensibilityGlobals) = postSolution
		SolutionGuid = {7A449A1A-2840-4F5B-98E9-5BDC5852E194}
	EndGlobalSection
EndGlobal
