
Microsoft Visual Studio Solution File, Format Version 12.00
# Visual Studio Version 16
VisualStudioVersion = 16.0.30204.135
MinimumVisualStudioVersion = 10.0.40219.1
Project("{FAE04EC0-301F-11D3-BF4B-00C04F79EFBC}") = "Matematica.AppConsola", "Matematica.AppConsola\Matematica.AppConsola.csproj", "{05D4B956-3D33-434E-B636-CE43DE05162A}"
EndProject
Global
	GlobalSection(SolutionConfigurationPlatforms) = preSolution
		Debug|Any CPU = Debug|Any CPU
		Release|Any CPU = Release|Any CPU
	EndGlobalSection
	GlobalSection(ProjectConfigurationPlatforms) = postSolution
		{05D4B956-3D33-434E-B636-CE43DE05162A}.Debug|Any CPU.ActiveCfg = Debug|Any CPU
		{05D4B956-3D33-434E-B636-CE43DE05162A}.Debug|Any CPU.Build.0 = Debug|Any CPU
		{05D4B956-3D33-434E-B636-CE43DE05162A}.Release|Any CPU.ActiveCfg = Release|Any CPU
		{05D4B956-3D33-434E-B636-CE43DE05162A}.Release|Any CPU.Build.0 = Release|Any CPU
	EndGlobalSection
	GlobalSection(SolutionProperties) = preSolution
		HideSolutionNode = FALSE
	EndGlobalSection
	GlobalSection(ExtensibilityGlobals) = postSolution
		SolutionGuid = {27986D4B-AEB0-4522-A549-D171701E1F23}
	EndGlobalSection
EndGlobal
